
Microsoft Visual Studio Solution File, Format Version 12.00
# Visual Studio Version 17
VisualStudioVersion = 17.4.33205.214
MinimumVisualStudioVersion = 10.0.40219.1
Project("{9A19103F-16F7-4668-BE54-9A1E7A4F7556}") = "Programming", "Programming\Programming.csproj", "{DE10DF07-2F20-41CD-B11D-FFE0EF01E0F3}"
EndProject
Project("{9A19103F-16F7-4668-BE54-9A1E7A4F7556}") = "Inheritance2", "Inheritance2\Inheritance2.csproj", "{D48E1FBD-0D6E-4EE2-A9DA-26E5EAC66F5B}"
EndProject
Project("{9A19103F-16F7-4668-BE54-9A1E7A4F7556}") = "Sr", "Sr\Sr.csproj", "{FEAFA5E4-153A-458D-B2D4-FA3015504135}"
EndProject
Project("{9A19103F-16F7-4668-BE54-9A1E7A4F7556}") = "Homework", "Homework\Homework.csproj", "{3C601133-CF1D-485B-B547-B7835C19FF17}"
EndProject
Project("{9A19103F-16F7-4668-BE54-9A1E7A4F7556}") = "List", "List\List.csproj", "{8DEFCD36-48A5-4A97-A807-6141E45798FF}"
EndProject
Project("{9A19103F-16F7-4668-BE54-9A1E7A4F7556}") = "Collections", "Collections\Collections.csproj", "{2411DDE9-8E01-43F2-9851-3DD3F7B44D1D}"
EndProject
Project("{9A19103F-16F7-4668-BE54-9A1E7A4F7556}") = "LINQ", "LINQ\LINQ.csproj", "{CA77D607-86BE-401F-BCF3-D756F2F17C46}"
EndProject
Project("{9A19103F-16F7-4668-BE54-9A1E7A4F7556}") = "FileStream", "FileStream\FileStream.csproj", "{D8B49CA2-3890-44C0-9603-9CC9B38C411D}"
EndProject
Project("{9A19103F-16F7-4668-BE54-9A1E7A4F7556}") = "FileStreamDemo", "FileStreamDemo\FileStreamDemo.csproj", "{0D46C799-FB5D-4642-9C0D-8B3275745C95}"
EndProject
Project("{9A19103F-16F7-4668-BE54-9A1E7A4F7556}") = "18.04.2023", "18.04.2023\18.04.2023.csproj", "{5206AE4A-EDF4-4FAE-A48F-2BACEE63CFC9}"
EndProject
Project("{9A19103F-16F7-4668-BE54-9A1E7A4F7556}") = "XML", "XML\XML.csproj", "{1C09893A-9635-413A-89B9-D35E443E8E46}"
EndProject
Project("{9A19103F-16F7-4668-BE54-9A1E7A4F7556}") = "25.04.2023", "25.04.2023\25.04.2023.csproj", "{E8370894-AEF6-4F57-8B8D-E7E524C17CC2}"
EndProject
Project("{9A19103F-16F7-4668-BE54-9A1E7A4F7556}") = "02.05.2023", "02.05.2023\02.05.2023.csproj", "{1EEA59A1-61E4-4DBF-86A1-7123863C5556}"
EndProject
Project("{9A19103F-16F7-4668-BE54-9A1E7A4F7556}") = "09.05.2023", "09.05.2023\09.05.2023.csproj", "{A3EBCEBD-58CC-4044-96E9-6316F2E9977B}"
EndProject
Project("{9A19103F-16F7-4668-BE54-9A1E7A4F7556}") = "Fixed 09.05.2023", "Fixed 09.05.2023\Fixed 09.05.2023.csproj", "{2F9F56BB-B754-464B-B0B6-670E31188DD1}"
EndProject
Project("{9A19103F-16F7-4668-BE54-9A1E7A4F7556}") = "trainXML", "trainXML\trainXML.csproj", "{BC536B67-DE12-4E97-B3AB-878103E44C73}"
EndProject
Project("{9A19103F-16F7-4668-BE54-9A1E7A4F7556}") = "Observer", "Observer\Observer.csproj", "{EC62D817-661B-4FCA-82A5-F9774A91B278}"
EndProject
Project("{9A19103F-16F7-4668-BE54-9A1E7A4F7556}") = "Events", "Events\Events.csproj", "{3EFBFDD6-CEA1-49EE-BB42-78D3230F3A85}"
EndProject
Project("{9A19103F-16F7-4668-BE54-9A1E7A4F7556}") = "TrainEvents", "TrainEvents\TrainEvents.csproj", "{84E8B4C8-9FFD-4B44-858F-043616BC7E22}"
EndProject
Project("{9A19103F-16F7-4668-BE54-9A1E7A4F7556}") = "NewEvents", "NewEvents\NewEvents.csproj", "{F063D02E-B195-4DF3-86B3-CC44BE59752F}"
EndProject
Project("{9A19103F-16F7-4668-BE54-9A1E7A4F7556}") = "TrainXML 29.05", "TrainXML 29.05\TrainXML 29.05.csproj", "{B8888E38-8CD4-4350-9D96-5DB0855E24B1}"
EndProject
Project("{9A19103F-16F7-4668-BE54-9A1E7A4F7556}") = "ConsoleApp2", "ConsoleApp2\ConsoleApp2.csproj", "{BF51257D-349E-4695-8C48-AC6397C4C0BC}"
EndProject
Project("{9A19103F-16F7-4668-BE54-9A1E7A4F7556}") = "forExamFirst", "forExamFirst\forExamFirst.csproj", "{5CF10F77-5927-4F08-83A4-FB8DC8819D4D}"
EndProject
Project("{FAE04EC0-301F-11D3-BF4B-00C04F79EFBC}") = "forExam2", "forExam2\forExam2.csproj", "{20717178-0DE3-48A9-9F29-449F4F14B4DD}"
EndProject
Project("{FAE04EC0-301F-11D3-BF4B-00C04F79EFBC}") = "forExam3", "forExam3\forExam3.csproj", "{041FCA4C-5263-44D9-BC81-DCDA0A313812}"
EndProject
Global
	GlobalSection(SolutionConfigurationPlatforms) = preSolution
		Debug|Any CPU = Debug|Any CPU
		Debug|x64 = Debug|x64
		Debug|x86 = Debug|x86
		Release|Any CPU = Release|Any CPU
		Release|x64 = Release|x64
		Release|x86 = Release|x86
	EndGlobalSection
	GlobalSection(ProjectConfigurationPlatforms) = postSolution
		{DE10DF07-2F20-41CD-B11D-FFE0EF01E0F3}.Debug|Any CPU.ActiveCfg = Debug|Any CPU
		{DE10DF07-2F20-41CD-B11D-FFE0EF01E0F3}.Debug|Any CPU.Build.0 = Debug|Any CPU
		{DE10DF07-2F20-41CD-B11D-FFE0EF01E0F3}.Debug|x64.ActiveCfg = Debug|Any CPU
		{DE10DF07-2F20-41CD-B11D-FFE0EF01E0F3}.Debug|x64.Build.0 = Debug|Any CPU
		{DE10DF07-2F20-41CD-B11D-FFE0EF01E0F3}.Debug|x86.ActiveCfg = Debug|Any CPU
		{DE10DF07-2F20-41CD-B11D-FFE0EF01E0F3}.Debug|x86.Build.0 = Debug|Any CPU
		{DE10DF07-2F20-41CD-B11D-FFE0EF01E0F3}.Release|Any CPU.ActiveCfg = Release|Any CPU
		{DE10DF07-2F20-41CD-B11D-FFE0EF01E0F3}.Release|Any CPU.Build.0 = Release|Any CPU
		{DE10DF07-2F20-41CD-B11D-FFE0EF01E0F3}.Release|x64.ActiveCfg = Release|Any CPU
		{DE10DF07-2F20-41CD-B11D-FFE0EF01E0F3}.Release|x64.Build.0 = Release|Any CPU
		{DE10DF07-2F20-41CD-B11D-FFE0EF01E0F3}.Release|x86.ActiveCfg = Release|Any CPU
		{DE10DF07-2F20-41CD-B11D-FFE0EF01E0F3}.Release|x86.Build.0 = Release|Any CPU
		{D48E1FBD-0D6E-4EE2-A9DA-26E5EAC66F5B}.Debug|Any CPU.ActiveCfg = Debug|Any CPU
		{D48E1FBD-0D6E-4EE2-A9DA-26E5EAC66F5B}.Debug|Any CPU.Build.0 = Debug|Any CPU
		{D48E1FBD-0D6E-4EE2-A9DA-26E5EAC66F5B}.Debug|x64.ActiveCfg = Debug|Any CPU
		{D48E1FBD-0D6E-4EE2-A9DA-26E5EAC66F5B}.Debug|x64.Build.0 = Debug|Any CPU
		{D48E1FBD-0D6E-4EE2-A9DA-26E5EAC66F5B}.Debug|x86.ActiveCfg = Debug|Any CPU
		{D48E1FBD-0D6E-4EE2-A9DA-26E5EAC66F5B}.Debug|x86.Build.0 = Debug|Any CPU
		{D48E1FBD-0D6E-4EE2-A9DA-26E5EAC66F5B}.Release|Any CPU.ActiveCfg = Release|Any CPU
		{D48E1FBD-0D6E-4EE2-A9DA-26E5EAC66F5B}.Release|Any CPU.Build.0 = Release|Any CPU
		{D48E1FBD-0D6E-4EE2-A9DA-26E5EAC66F5B}.Release|x64.ActiveCfg = Release|Any CPU
		{D48E1FBD-0D6E-4EE2-A9DA-26E5EAC66F5B}.Release|x64.Build.0 = Release|Any CPU
		{D48E1FBD-0D6E-4EE2-A9DA-26E5EAC66F5B}.Release|x86.ActiveCfg = Release|Any CPU
		{D48E1FBD-0D6E-4EE2-A9DA-26E5EAC66F5B}.Release|x86.Build.0 = Release|Any CPU
		{FEAFA5E4-153A-458D-B2D4-FA3015504135}.Debug|Any CPU.ActiveCfg = Debug|Any CPU
		{FEAFA5E4-153A-458D-B2D4-FA3015504135}.Debug|Any CPU.Build.0 = Debug|Any CPU
		{FEAFA5E4-153A-458D-B2D4-FA3015504135}.Debug|x64.ActiveCfg = Debug|Any CPU
		{FEAFA5E4-153A-458D-B2D4-FA3015504135}.Debug|x64.Build.0 = Debug|Any CPU
		{FEAFA5E4-153A-458D-B2D4-FA3015504135}.Debug|x86.ActiveCfg = Debug|Any CPU
		{FEAFA5E4-153A-458D-B2D4-FA3015504135}.Debug|x86.Build.0 = Debug|Any CPU
		{FEAFA5E4-153A-458D-B2D4-FA3015504135}.Release|Any CPU.ActiveCfg = Release|Any CPU
		{FEAFA5E4-153A-458D-B2D4-FA3015504135}.Release|Any CPU.Build.0 = Release|Any CPU
		{FEAFA5E4-153A-458D-B2D4-FA3015504135}.Release|x64.ActiveCfg = Release|Any CPU
		{FEAFA5E4-153A-458D-B2D4-FA3015504135}.Release|x64.Build.0 = Release|Any CPU
		{FEAFA5E4-153A-458D-B2D4-FA3015504135}.Release|x86.ActiveCfg = Release|Any CPU
		{FEAFA5E4-153A-458D-B2D4-FA3015504135}.Release|x86.Build.0 = Release|Any CPU
		{3C601133-CF1D-485B-B547-B7835C19FF17}.Debug|Any CPU.ActiveCfg = Debug|Any CPU
		{3C601133-CF1D-485B-B547-B7835C19FF17}.Debug|Any CPU.Build.0 = Debug|Any CPU
		{3C601133-CF1D-485B-B547-B7835C19FF17}.Debug|x64.ActiveCfg = Debug|Any CPU
		{3C601133-CF1D-485B-B547-B7835C19FF17}.Debug|x64.Build.0 = Debug|Any CPU
		{3C601133-CF1D-485B-B547-B7835C19FF17}.Debug|x86.ActiveCfg = Debug|Any CPU
		{3C601133-CF1D-485B-B547-B7835C19FF17}.Debug|x86.Build.0 = Debug|Any CPU
		{3C601133-CF1D-485B-B547-B7835C19FF17}.Release|Any CPU.ActiveCfg = Release|Any CPU
		{3C601133-CF1D-485B-B547-B7835C19FF17}.Release|Any CPU.Build.0 = Release|Any CPU
		{3C601133-CF1D-485B-B547-B7835C19FF17}.Release|x64.ActiveCfg = Release|Any CPU
		{3C601133-CF1D-485B-B547-B7835C19FF17}.Release|x64.Build.0 = Release|Any CPU
		{3C601133-CF1D-485B-B547-B7835C19FF17}.Release|x86.ActiveCfg = Release|Any CPU
		{3C601133-CF1D-485B-B547-B7835C19FF17}.Release|x86.Build.0 = Release|Any CPU
		{8DEFCD36-48A5-4A97-A807-6141E45798FF}.Debug|Any CPU.ActiveCfg = Debug|Any CPU
		{8DEFCD36-48A5-4A97-A807-6141E45798FF}.Debug|Any CPU.Build.0 = Debug|Any CPU
		{8DEFCD36-48A5-4A97-A807-6141E45798FF}.Debug|x64.ActiveCfg = Debug|Any CPU
		{8DEFCD36-48A5-4A97-A807-6141E45798FF}.Debug|x64.Build.0 = Debug|Any CPU
		{8DEFCD36-48A5-4A97-A807-6141E45798FF}.Debug|x86.ActiveCfg = Debug|Any CPU
		{8DEFCD36-48A5-4A97-A807-6141E45798FF}.Debug|x86.Build.0 = Debug|Any CPU
		{8DEFCD36-48A5-4A97-A807-6141E45798FF}.Release|Any CPU.ActiveCfg = Release|Any CPU
		{8DEFCD36-48A5-4A97-A807-6141E45798FF}.Release|Any CPU.Build.0 = Release|Any CPU
		{8DEFCD36-48A5-4A97-A807-6141E45798FF}.Release|x64.ActiveCfg = Release|Any CPU
		{8DEFCD36-48A5-4A97-A807-6141E45798FF}.Release|x64.Build.0 = Release|Any CPU
		{8DEFCD36-48A5-4A97-A807-6141E45798FF}.Release|x86.ActiveCfg = Release|Any CPU
		{8DEFCD36-48A5-4A97-A807-6141E45798FF}.Release|x86.Build.0 = Release|Any CPU
		{2411DDE9-8E01-43F2-9851-3DD3F7B44D1D}.Debug|Any CPU.ActiveCfg = Debug|Any CPU
		{2411DDE9-8E01-43F2-9851-3DD3F7B44D1D}.Debug|Any CPU.Build.0 = Debug|Any CPU
		{2411DDE9-8E01-43F2-9851-3DD3F7B44D1D}.Debug|x64.ActiveCfg = Debug|Any CPU
		{2411DDE9-8E01-43F2-9851-3DD3F7B44D1D}.Debug|x64.Build.0 = Debug|Any CPU
		{2411DDE9-8E01-43F2-9851-3DD3F7B44D1D}.Debug|x86.ActiveCfg = Debug|Any CPU
		{2411DDE9-8E01-43F2-9851-3DD3F7B44D1D}.Debug|x86.Build.0 = Debug|Any CPU
		{2411DDE9-8E01-43F2-9851-3DD3F7B44D1D}.Release|Any CPU.ActiveCfg = Release|Any CPU
		{2411DDE9-8E01-43F2-9851-3DD3F7B44D1D}.Release|Any CPU.Build.0 = Release|Any CPU
		{2411DDE9-8E01-43F2-9851-3DD3F7B44D1D}.Release|x64.ActiveCfg = Release|Any CPU
		{2411DDE9-8E01-43F2-9851-3DD3F7B44D1D}.Release|x64.Build.0 = Release|Any CPU
		{2411DDE9-8E01-43F2-9851-3DD3F7B44D1D}.Release|x86.ActiveCfg = Release|Any CPU
		{2411DDE9-8E01-43F2-9851-3DD3F7B44D1D}.Release|x86.Build.0 = Release|Any CPU
		{CA77D607-86BE-401F-BCF3-D756F2F17C46}.Debug|Any CPU.ActiveCfg = Debug|Any CPU
		{CA77D607-86BE-401F-BCF3-D756F2F17C46}.Debug|Any CPU.Build.0 = Debug|Any CPU
		{CA77D607-86BE-401F-BCF3-D756F2F17C46}.Debug|x64.ActiveCfg = Debug|Any CPU
		{CA77D607-86BE-401F-BCF3-D756F2F17C46}.Debug|x64.Build.0 = Debug|Any CPU
		{CA77D607-86BE-401F-BCF3-D756F2F17C46}.Debug|x86.ActiveCfg = Debug|Any CPU
		{CA77D607-86BE-401F-BCF3-D756F2F17C46}.Debug|x86.Build.0 = Debug|Any CPU
		{CA77D607-86BE-401F-BCF3-D756F2F17C46}.Release|Any CPU.ActiveCfg = Release|Any CPU
		{CA77D607-86BE-401F-BCF3-D756F2F17C46}.Release|Any CPU.Build.0 = Release|Any CPU
		{CA77D607-86BE-401F-BCF3-D756F2F17C46}.Release|x64.ActiveCfg = Release|Any CPU
		{CA77D607-86BE-401F-BCF3-D756F2F17C46}.Release|x64.Build.0 = Release|Any CPU
		{CA77D607-86BE-401F-BCF3-D756F2F17C46}.Release|x86.ActiveCfg = Release|Any CPU
		{CA77D607-86BE-401F-BCF3-D756F2F17C46}.Release|x86.Build.0 = Release|Any CPU
		{D8B49CA2-3890-44C0-9603-9CC9B38C411D}.Debug|Any CPU.ActiveCfg = Debug|Any CPU
		{D8B49CA2-3890-44C0-9603-9CC9B38C411D}.Debug|Any CPU.Build.0 = Debug|Any CPU
		{D8B49CA2-3890-44C0-9603-9CC9B38C411D}.Debug|x64.ActiveCfg = Debug|Any CPU
		{D8B49CA2-3890-44C0-9603-9CC9B38C411D}.Debug|x64.Build.0 = Debug|Any CPU
		{D8B49CA2-3890-44C0-9603-9CC9B38C411D}.Debug|x86.ActiveCfg = Debug|Any CPU
		{D8B49CA2-3890-44C0-9603-9CC9B38C411D}.Debug|x86.Build.0 = Debug|Any CPU
		{D8B49CA2-3890-44C0-9603-9CC9B38C411D}.Release|Any CPU.ActiveCfg = Release|Any CPU
		{D8B49CA2-3890-44C0-9603-9CC9B38C411D}.Release|Any CPU.Build.0 = Release|Any CPU
		{D8B49CA2-3890-44C0-9603-9CC9B38C411D}.Release|x64.ActiveCfg = Release|Any CPU
		{D8B49CA2-3890-44C0-9603-9CC9B38C411D}.Release|x64.Build.0 = Release|Any CPU
		{D8B49CA2-3890-44C0-9603-9CC9B38C411D}.Release|x86.ActiveCfg = Release|Any CPU
		{D8B49CA2-3890-44C0-9603-9CC9B38C411D}.Release|x86.Build.0 = Release|Any CPU
		{0D46C799-FB5D-4642-9C0D-8B3275745C95}.Debug|Any CPU.ActiveCfg = Debug|Any CPU
		{0D46C799-FB5D-4642-9C0D-8B3275745C95}.Debug|Any CPU.Build.0 = Debug|Any CPU
		{0D46C799-FB5D-4642-9C0D-8B3275745C95}.Debug|x64.ActiveCfg = Debug|Any CPU
		{0D46C799-FB5D-4642-9C0D-8B3275745C95}.Debug|x64.Build.0 = Debug|Any CPU
		{0D46C799-FB5D-4642-9C0D-8B3275745C95}.Debug|x86.ActiveCfg = Debug|Any CPU
		{0D46C799-FB5D-4642-9C0D-8B3275745C95}.Debug|x86.Build.0 = Debug|Any CPU
		{0D46C799-FB5D-4642-9C0D-8B3275745C95}.Release|Any CPU.ActiveCfg = Release|Any CPU
		{0D46C799-FB5D-4642-9C0D-8B3275745C95}.Release|Any CPU.Build.0 = Release|Any CPU
		{0D46C799-FB5D-4642-9C0D-8B3275745C95}.Release|x64.ActiveCfg = Release|Any CPU
		{0D46C799-FB5D-4642-9C0D-8B3275745C95}.Release|x64.Build.0 = Release|Any CPU
		{0D46C799-FB5D-4642-9C0D-8B3275745C95}.Release|x86.ActiveCfg = Release|Any CPU
		{0D46C799-FB5D-4642-9C0D-8B3275745C95}.Release|x86.Build.0 = Release|Any CPU
		{5206AE4A-EDF4-4FAE-A48F-2BACEE63CFC9}.Debug|Any CPU.ActiveCfg = Debug|Any CPU
		{5206AE4A-EDF4-4FAE-A48F-2BACEE63CFC9}.Debug|Any CPU.Build.0 = Debug|Any CPU
		{5206AE4A-EDF4-4FAE-A48F-2BACEE63CFC9}.Debug|x64.ActiveCfg = Debug|Any CPU
		{5206AE4A-EDF4-4FAE-A48F-2BACEE63CFC9}.Debug|x64.Build.0 = Debug|Any CPU
		{5206AE4A-EDF4-4FAE-A48F-2BACEE63CFC9}.Debug|x86.ActiveCfg = Debug|Any CPU
		{5206AE4A-EDF4-4FAE-A48F-2BACEE63CFC9}.Debug|x86.Build.0 = Debug|Any CPU
		{5206AE4A-EDF4-4FAE-A48F-2BACEE63CFC9}.Release|Any CPU.ActiveCfg = Release|Any CPU
		{5206AE4A-EDF4-4FAE-A48F-2BACEE63CFC9}.Release|Any CPU.Build.0 = Release|Any CPU
		{5206AE4A-EDF4-4FAE-A48F-2BACEE63CFC9}.Release|x64.ActiveCfg = Release|Any CPU
		{5206AE4A-EDF4-4FAE-A48F-2BACEE63CFC9}.Release|x64.Build.0 = Release|Any CPU
		{5206AE4A-EDF4-4FAE-A48F-2BACEE63CFC9}.Release|x86.ActiveCfg = Release|Any CPU
		{5206AE4A-EDF4-4FAE-A48F-2BACEE63CFC9}.Release|x86.Build.0 = Release|Any CPU
		{1C09893A-9635-413A-89B9-D35E443E8E46}.Debug|Any CPU.ActiveCfg = Debug|Any CPU
		{1C09893A-9635-413A-89B9-D35E443E8E46}.Debug|Any CPU.Build.0 = Debug|Any CPU
		{1C09893A-9635-413A-89B9-D35E443E8E46}.Debug|x64.ActiveCfg = Debug|Any CPU
		{1C09893A-9635-413A-89B9-D35E443E8E46}.Debug|x64.Build.0 = Debug|Any CPU
		{1C09893A-9635-413A-89B9-D35E443E8E46}.Debug|x86.ActiveCfg = Debug|Any CPU
		{1C09893A-9635-413A-89B9-D35E443E8E46}.Debug|x86.Build.0 = Debug|Any CPU
		{1C09893A-9635-413A-89B9-D35E443E8E46}.Release|Any CPU.ActiveCfg = Release|Any CPU
		{1C09893A-9635-413A-89B9-D35E443E8E46}.Release|Any CPU.Build.0 = Release|Any CPU
		{1C09893A-9635-413A-89B9-D35E443E8E46}.Release|x64.ActiveCfg = Release|Any CPU
		{1C09893A-9635-413A-89B9-D35E443E8E46}.Release|x64.Build.0 = Release|Any CPU
		{1C09893A-9635-413A-89B9-D35E443E8E46}.Release|x86.ActiveCfg = Release|Any CPU
		{1C09893A-9635-413A-89B9-D35E443E8E46}.Release|x86.Build.0 = Release|Any CPU
		{E8370894-AEF6-4F57-8B8D-E7E524C17CC2}.Debug|Any CPU.ActiveCfg = Debug|Any CPU
		{E8370894-AEF6-4F57-8B8D-E7E524C17CC2}.Debug|Any CPU.Build.0 = Debug|Any CPU
		{E8370894-AEF6-4F57-8B8D-E7E524C17CC2}.Debug|x64.ActiveCfg = Debug|Any CPU
		{E8370894-AEF6-4F57-8B8D-E7E524C17CC2}.Debug|x64.Build.0 = Debug|Any CPU
		{E8370894-AEF6-4F57-8B8D-E7E524C17CC2}.Debug|x86.ActiveCfg = Debug|Any CPU
		{E8370894-AEF6-4F57-8B8D-E7E524C17CC2}.Debug|x86.Build.0 = Debug|Any CPU
		{E8370894-AEF6-4F57-8B8D-E7E524C17CC2}.Release|Any CPU.ActiveCfg = Release|Any CPU
		{E8370894-AEF6-4F57-8B8D-E7E524C17CC2}.Release|Any CPU.Build.0 = Release|Any CPU
		{E8370894-AEF6-4F57-8B8D-E7E524C17CC2}.Release|x64.ActiveCfg = Release|Any CPU
		{E8370894-AEF6-4F57-8B8D-E7E524C17CC2}.Release|x64.Build.0 = Release|Any CPU
		{E8370894-AEF6-4F57-8B8D-E7E524C17CC2}.Release|x86.ActiveCfg = Release|Any CPU
		{E8370894-AEF6-4F57-8B8D-E7E524C17CC2}.Release|x86.Build.0 = Release|Any CPU
		{1EEA59A1-61E4-4DBF-86A1-7123863C5556}.Debug|Any CPU.ActiveCfg = Debug|Any CPU
		{1EEA59A1-61E4-4DBF-86A1-7123863C5556}.Debug|Any CPU.Build.0 = Debug|Any CPU
		{1EEA59A1-61E4-4DBF-86A1-7123863C5556}.Debug|x64.ActiveCfg = Debug|Any CPU
		{1EEA59A1-61E4-4DBF-86A1-7123863C5556}.Debug|x64.Build.0 = Debug|Any CPU
		{1EEA59A1-61E4-4DBF-86A1-7123863C5556}.Debug|x86.ActiveCfg = Debug|Any CPU
		{1EEA59A1-61E4-4DBF-86A1-7123863C5556}.Debug|x86.Build.0 = Debug|Any CPU
		{1EEA59A1-61E4-4DBF-86A1-7123863C5556}.Release|Any CPU.ActiveCfg = Release|Any CPU
		{1EEA59A1-61E4-4DBF-86A1-7123863C5556}.Release|Any CPU.Build.0 = Release|Any CPU
		{1EEA59A1-61E4-4DBF-86A1-7123863C5556}.Release|x64.ActiveCfg = Release|Any CPU
		{1EEA59A1-61E4-4DBF-86A1-7123863C5556}.Release|x64.Build.0 = Release|Any CPU
		{1EEA59A1-61E4-4DBF-86A1-7123863C5556}.Release|x86.ActiveCfg = Release|Any CPU
		{1EEA59A1-61E4-4DBF-86A1-7123863C5556}.Release|x86.Build.0 = Release|Any CPU
		{A3EBCEBD-58CC-4044-96E9-6316F2E9977B}.Debug|Any CPU.ActiveCfg = Debug|Any CPU
		{A3EBCEBD-58CC-4044-96E9-6316F2E9977B}.Debug|Any CPU.Build.0 = Debug|Any CPU
		{A3EBCEBD-58CC-4044-96E9-6316F2E9977B}.Debug|x64.ActiveCfg = Debug|Any CPU
		{A3EBCEBD-58CC-4044-96E9-6316F2E9977B}.Debug|x64.Build.0 = Debug|Any CPU
		{A3EBCEBD-58CC-4044-96E9-6316F2E9977B}.Debug|x86.ActiveCfg = Debug|Any CPU
		{A3EBCEBD-58CC-4044-96E9-6316F2E9977B}.Debug|x86.Build.0 = Debug|Any CPU
		{A3EBCEBD-58CC-4044-96E9-6316F2E9977B}.Release|Any CPU.ActiveCfg = Release|Any CPU
		{A3EBCEBD-58CC-4044-96E9-6316F2E9977B}.Release|Any CPU.Build.0 = Release|Any CPU
		{A3EBCEBD-58CC-4044-96E9-6316F2E9977B}.Release|x64.ActiveCfg = Release|Any CPU
		{A3EBCEBD-58CC-4044-96E9-6316F2E9977B}.Release|x64.Build.0 = Release|Any CPU
		{A3EBCEBD-58CC-4044-96E9-6316F2E9977B}.Release|x86.ActiveCfg = Release|Any CPU
		{A3EBCEBD-58CC-4044-96E9-6316F2E9977B}.Release|x86.Build.0 = Release|Any CPU
		{2F9F56BB-B754-464B-B0B6-670E31188DD1}.Debug|Any CPU.ActiveCfg = Debug|Any CPU
		{2F9F56BB-B754-464B-B0B6-670E31188DD1}.Debug|Any CPU.Build.0 = Debug|Any CPU
		{2F9F56BB-B754-464B-B0B6-670E31188DD1}.Debug|x64.ActiveCfg = Debug|Any CPU
		{2F9F56BB-B754-464B-B0B6-670E31188DD1}.Debug|x64.Build.0 = Debug|Any CPU
		{2F9F56BB-B754-464B-B0B6-670E31188DD1}.Debug|x86.ActiveCfg = Debug|Any CPU
		{2F9F56BB-B754-464B-B0B6-670E31188DD1}.Debug|x86.Build.0 = Debug|Any CPU
		{2F9F56BB-B754-464B-B0B6-670E31188DD1}.Release|Any CPU.ActiveCfg = Release|Any CPU
		{2F9F56BB-B754-464B-B0B6-670E31188DD1}.Release|Any CPU.Build.0 = Release|Any CPU
		{2F9F56BB-B754-464B-B0B6-670E31188DD1}.Release|x64.ActiveCfg = Release|Any CPU
		{2F9F56BB-B754-464B-B0B6-670E31188DD1}.Release|x64.Build.0 = Release|Any CPU
		{2F9F56BB-B754-464B-B0B6-670E31188DD1}.Release|x86.ActiveCfg = Release|Any CPU
		{2F9F56BB-B754-464B-B0B6-670E31188DD1}.Release|x86.Build.0 = Release|Any CPU
		{BC536B67-DE12-4E97-B3AB-878103E44C73}.Debug|Any CPU.ActiveCfg = Debug|Any CPU
		{BC536B67-DE12-4E97-B3AB-878103E44C73}.Debug|Any CPU.Build.0 = Debug|Any CPU
		{BC536B67-DE12-4E97-B3AB-878103E44C73}.Debug|x64.ActiveCfg = Debug|Any CPU
		{BC536B67-DE12-4E97-B3AB-878103E44C73}.Debug|x64.Build.0 = Debug|Any CPU
		{BC536B67-DE12-4E97-B3AB-878103E44C73}.Debug|x86.ActiveCfg = Debug|Any CPU
		{BC536B67-DE12-4E97-B3AB-878103E44C73}.Debug|x86.Build.0 = Debug|Any CPU
		{BC536B67-DE12-4E97-B3AB-878103E44C73}.Release|Any CPU.ActiveCfg = Release|Any CPU
		{BC536B67-DE12-4E97-B3AB-878103E44C73}.Release|Any CPU.Build.0 = Release|Any CPU
		{BC536B67-DE12-4E97-B3AB-878103E44C73}.Release|x64.ActiveCfg = Release|Any CPU
		{BC536B67-DE12-4E97-B3AB-878103E44C73}.Release|x64.Build.0 = Release|Any CPU
		{BC536B67-DE12-4E97-B3AB-878103E44C73}.Release|x86.ActiveCfg = Release|Any CPU
		{BC536B67-DE12-4E97-B3AB-878103E44C73}.Release|x86.Build.0 = Release|Any CPU
		{EC62D817-661B-4FCA-82A5-F9774A91B278}.Debug|Any CPU.ActiveCfg = Debug|Any CPU
		{EC62D817-661B-4FCA-82A5-F9774A91B278}.Debug|Any CPU.Build.0 = Debug|Any CPU
		{EC62D817-661B-4FCA-82A5-F9774A91B278}.Debug|x64.ActiveCfg = Debug|Any CPU
		{EC62D817-661B-4FCA-82A5-F9774A91B278}.Debug|x64.Build.0 = Debug|Any CPU
		{EC62D817-661B-4FCA-82A5-F9774A91B278}.Debug|x86.ActiveCfg = Debug|Any CPU
		{EC62D817-661B-4FCA-82A5-F9774A91B278}.Debug|x86.Build.0 = Debug|Any CPU
		{EC62D817-661B-4FCA-82A5-F9774A91B278}.Release|Any CPU.ActiveCfg = Release|Any CPU
		{EC62D817-661B-4FCA-82A5-F9774A91B278}.Release|Any CPU.Build.0 = Release|Any CPU
		{EC62D817-661B-4FCA-82A5-F9774A91B278}.Release|x64.ActiveCfg = Release|Any CPU
		{EC62D817-661B-4FCA-82A5-F9774A91B278}.Release|x64.Build.0 = Release|Any CPU
		{EC62D817-661B-4FCA-82A5-F9774A91B278}.Release|x86.ActiveCfg = Release|Any CPU
		{EC62D817-661B-4FCA-82A5-F9774A91B278}.Release|x86.Build.0 = Release|Any CPU
		{3EFBFDD6-CEA1-49EE-BB42-78D3230F3A85}.Debug|Any CPU.ActiveCfg = Debug|Any CPU
		{3EFBFDD6-CEA1-49EE-BB42-78D3230F3A85}.Debug|Any CPU.Build.0 = Debug|Any CPU
		{3EFBFDD6-CEA1-49EE-BB42-78D3230F3A85}.Debug|x64.ActiveCfg = Debug|Any CPU
		{3EFBFDD6-CEA1-49EE-BB42-78D3230F3A85}.Debug|x64.Build.0 = Debug|Any CPU
		{3EFBFDD6-CEA1-49EE-BB42-78D3230F3A85}.Debug|x86.ActiveCfg = Debug|Any CPU
		{3EFBFDD6-CEA1-49EE-BB42-78D3230F3A85}.Debug|x86.Build.0 = Debug|Any CPU
		{3EFBFDD6-CEA1-49EE-BB42-78D3230F3A85}.Release|Any CPU.ActiveCfg = Release|Any CPU
		{3EFBFDD6-CEA1-49EE-BB42-78D3230F3A85}.Release|Any CPU.Build.0 = Release|Any CPU
		{3EFBFDD6-CEA1-49EE-BB42-78D3230F3A85}.Release|x64.ActiveCfg = Release|Any CPU
		{3EFBFDD6-CEA1-49EE-BB42-78D3230F3A85}.Release|x64.Build.0 = Release|Any CPU
		{3EFBFDD6-CEA1-49EE-BB42-78D3230F3A85}.Release|x86.ActiveCfg = Release|Any CPU
		{3EFBFDD6-CEA1-49EE-BB42-78D3230F3A85}.Release|x86.Build.0 = Release|Any CPU
		{84E8B4C8-9FFD-4B44-858F-043616BC7E22}.Debug|Any CPU.ActiveCfg = Debug|Any CPU
		{84E8B4C8-9FFD-4B44-858F-043616BC7E22}.Debug|Any CPU.Build.0 = Debug|Any CPU
		{84E8B4C8-9FFD-4B44-858F-043616BC7E22}.Debug|x64.ActiveCfg = Debug|Any CPU
		{84E8B4C8-9FFD-4B44-858F-043616BC7E22}.Debug|x64.Build.0 = Debug|Any CPU
		{84E8B4C8-9FFD-4B44-858F-043616BC7E22}.Debug|x86.ActiveCfg = Debug|Any CPU
		{84E8B4C8-9FFD-4B44-858F-043616BC7E22}.Debug|x86.Build.0 = Debug|Any CPU
		{84E8B4C8-9FFD-4B44-858F-043616BC7E22}.Release|Any CPU.ActiveCfg = Release|Any CPU
		{84E8B4C8-9FFD-4B44-858F-043616BC7E22}.Release|Any CPU.Build.0 = Release|Any CPU
		{84E8B4C8-9FFD-4B44-858F-043616BC7E22}.Release|x64.ActiveCfg = Release|Any CPU
		{84E8B4C8-9FFD-4B44-858F-043616BC7E22}.Release|x64.Build.0 = Release|Any CPU
		{84E8B4C8-9FFD-4B44-858F-043616BC7E22}.Release|x86.ActiveCfg = Release|Any CPU
		{84E8B4C8-9FFD-4B44-858F-043616BC7E22}.Release|x86.Build.0 = Release|Any CPU
		{F063D02E-B195-4DF3-86B3-CC44BE59752F}.Debug|Any CPU.ActiveCfg = Debug|Any CPU
		{F063D02E-B195-4DF3-86B3-CC44BE59752F}.Debug|Any CPU.Build.0 = Debug|Any CPU
		{F063D02E-B195-4DF3-86B3-CC44BE59752F}.Debug|x64.ActiveCfg = Debug|Any CPU
		{F063D02E-B195-4DF3-86B3-CC44BE59752F}.Debug|x64.Build.0 = Debug|Any CPU
		{F063D02E-B195-4DF3-86B3-CC44BE59752F}.Debug|x86.ActiveCfg = Debug|Any CPU
		{F063D02E-B195-4DF3-86B3-CC44BE59752F}.Debug|x86.Build.0 = Debug|Any CPU
		{F063D02E-B195-4DF3-86B3-CC44BE59752F}.Release|Any CPU.ActiveCfg = Release|Any CPU
		{F063D02E-B195-4DF3-86B3-CC44BE59752F}.Release|Any CPU.Build.0 = Release|Any CPU
		{F063D02E-B195-4DF3-86B3-CC44BE59752F}.Release|x64.ActiveCfg = Release|Any CPU
		{F063D02E-B195-4DF3-86B3-CC44BE59752F}.Release|x64.Build.0 = Release|Any CPU
		{F063D02E-B195-4DF3-86B3-CC44BE59752F}.Release|x86.ActiveCfg = Release|Any CPU
		{F063D02E-B195-4DF3-86B3-CC44BE59752F}.Release|x86.Build.0 = Release|Any CPU
		{B8888E38-8CD4-4350-9D96-5DB0855E24B1}.Debug|Any CPU.ActiveCfg = Debug|Any CPU
		{B8888E38-8CD4-4350-9D96-5DB0855E24B1}.Debug|Any CPU.Build.0 = Debug|Any CPU
		{B8888E38-8CD4-4350-9D96-5DB0855E24B1}.Debug|x64.ActiveCfg = Debug|Any CPU
		{B8888E38-8CD4-4350-9D96-5DB0855E24B1}.Debug|x64.Build.0 = Debug|Any CPU
		{B8888E38-8CD4-4350-9D96-5DB0855E24B1}.Debug|x86.ActiveCfg = Debug|Any CPU
		{B8888E38-8CD4-4350-9D96-5DB0855E24B1}.Debug|x86.Build.0 = Debug|Any CPU
		{B8888E38-8CD4-4350-9D96-5DB0855E24B1}.Release|Any CPU.ActiveCfg = Release|Any CPU
		{B8888E38-8CD4-4350-9D96-5DB0855E24B1}.Release|Any CPU.Build.0 = Release|Any CPU
		{B8888E38-8CD4-4350-9D96-5DB0855E24B1}.Release|x64.ActiveCfg = Release|Any CPU
		{B8888E38-8CD4-4350-9D96-5DB0855E24B1}.Release|x64.Build.0 = Release|Any CPU
		{B8888E38-8CD4-4350-9D96-5DB0855E24B1}.Release|x86.ActiveCfg = Release|Any CPU
		{B8888E38-8CD4-4350-9D96-5DB0855E24B1}.Release|x86.Build.0 = Release|Any CPU
		{BF51257D-349E-4695-8C48-AC6397C4C0BC}.Debug|Any CPU.ActiveCfg = Debug|Any CPU
		{BF51257D-349E-4695-8C48-AC6397C4C0BC}.Debug|Any CPU.Build.0 = Debug|Any CPU
		{BF51257D-349E-4695-8C48-AC6397C4C0BC}.Debug|x64.ActiveCfg = Debug|Any CPU
		{BF51257D-349E-4695-8C48-AC6397C4C0BC}.Debug|x64.Build.0 = Debug|Any CPU
		{BF51257D-349E-4695-8C48-AC6397C4C0BC}.Debug|x86.ActiveCfg = Debug|Any CPU
		{BF51257D-349E-4695-8C48-AC6397C4C0BC}.Debug|x86.Build.0 = Debug|Any CPU
		{BF51257D-349E-4695-8C48-AC6397C4C0BC}.Release|Any CPU.ActiveCfg = Release|Any CPU
		{BF51257D-349E-4695-8C48-AC6397C4C0BC}.Release|Any CPU.Build.0 = Release|Any CPU
		{BF51257D-349E-4695-8C48-AC6397C4C0BC}.Release|x64.ActiveCfg = Release|Any CPU
		{BF51257D-349E-4695-8C48-AC6397C4C0BC}.Release|x64.Build.0 = Release|Any CPU
		{BF51257D-349E-4695-8C48-AC6397C4C0BC}.Release|x86.ActiveCfg = Release|Any CPU
		{BF51257D-349E-4695-8C48-AC6397C4C0BC}.Release|x86.Build.0 = Release|Any CPU
		{5CF10F77-5927-4F08-83A4-FB8DC8819D4D}.Debug|Any CPU.ActiveCfg = Debug|Any CPU
		{5CF10F77-5927-4F08-83A4-FB8DC8819D4D}.Debug|Any CPU.Build.0 = Debug|Any CPU
		{5CF10F77-5927-4F08-83A4-FB8DC8819D4D}.Debug|x64.ActiveCfg = Debug|Any CPU
		{5CF10F77-5927-4F08-83A4-FB8DC8819D4D}.Debug|x64.Build.0 = Debug|Any CPU
		{5CF10F77-5927-4F08-83A4-FB8DC8819D4D}.Debug|x86.ActiveCfg = Debug|Any CPU
		{5CF10F77-5927-4F08-83A4-FB8DC8819D4D}.Debug|x86.Build.0 = Debug|Any CPU
		{5CF10F77-5927-4F08-83A4-FB8DC8819D4D}.Release|Any CPU.ActiveCfg = Release|Any CPU
		{5CF10F77-5927-4F08-83A4-FB8DC8819D4D}.Release|Any CPU.Build.0 = Release|Any CPU
		{5CF10F77-5927-4F08-83A4-FB8DC8819D4D}.Release|x64.ActiveCfg = Release|Any CPU
		{5CF10F77-5927-4F08-83A4-FB8DC8819D4D}.Release|x64.Build.0 = Release|Any CPU
		{5CF10F77-5927-4F08-83A4-FB8DC8819D4D}.Release|x86.ActiveCfg = Release|Any CPU
		{5CF10F77-5927-4F08-83A4-FB8DC8819D4D}.Release|x86.Build.0 = Release|Any CPU
		{20717178-0DE3-48A9-9F29-449F4F14B4DD}.Debug|Any CPU.ActiveCfg = Debug|Any CPU
		{20717178-0DE3-48A9-9F29-449F4F14B4DD}.Debug|Any CPU.Build.0 = Debug|Any CPU
		{20717178-0DE3-48A9-9F29-449F4F14B4DD}.Debug|x64.ActiveCfg = Debug|Any CPU
		{20717178-0DE3-48A9-9F29-449F4F14B4DD}.Debug|x64.Build.0 = Debug|Any CPU
		{20717178-0DE3-48A9-9F29-449F4F14B4DD}.Debug|x86.ActiveCfg = Debug|Any CPU
		{20717178-0DE3-48A9-9F29-449F4F14B4DD}.Debug|x86.Build.0 = Debug|Any CPU
		{20717178-0DE3-48A9-9F29-449F4F14B4DD}.Release|Any CPU.ActiveCfg = Release|Any CPU
		{20717178-0DE3-48A9-9F29-449F4F14B4DD}.Release|Any CPU.Build.0 = Release|Any CPU
		{20717178-0DE3-48A9-9F29-449F4F14B4DD}.Release|x64.ActiveCfg = Release|Any CPU
		{20717178-0DE3-48A9-9F29-449F4F14B4DD}.Release|x64.Build.0 = Release|Any CPU
		{20717178-0DE3-48A9-9F29-449F4F14B4DD}.Release|x86.ActiveCfg = Release|Any CPU
		{20717178-0DE3-48A9-9F29-449F4F14B4DD}.Release|x86.Build.0 = Release|Any CPU
		{041FCA4C-5263-44D9-BC81-DCDA0A313812}.Debug|Any CPU.ActiveCfg = Debug|Any CPU
		{041FCA4C-5263-44D9-BC81-DCDA0A313812}.Debug|Any CPU.Build.0 = Debug|Any CPU
		{041FCA4C-5263-44D9-BC81-DCDA0A313812}.Debug|x64.ActiveCfg = Debug|Any CPU
		{041FCA4C-5263-44D9-BC81-DCDA0A313812}.Debug|x64.Build.0 = Debug|Any CPU
		{041FCA4C-5263-44D9-BC81-DCDA0A313812}.Debug|x86.ActiveCfg = Debug|Any CPU
		{041FCA4C-5263-44D9-BC81-DCDA0A313812}.Debug|x86.Build.0 = Debug|Any CPU
		{041FCA4C-5263-44D9-BC81-DCDA0A313812}.Release|Any CPU.ActiveCfg = Release|Any CPU
		{041FCA4C-5263-44D9-BC81-DCDA0A313812}.Release|Any CPU.Build.0 = Release|Any CPU
		{041FCA4C-5263-44D9-BC81-DCDA0A313812}.Release|x64.ActiveCfg = Release|Any CPU
		{041FCA4C-5263-44D9-BC81-DCDA0A313812}.Release|x64.Build.0 = Release|Any CPU
		{041FCA4C-5263-44D9-BC81-DCDA0A313812}.Release|x86.ActiveCfg = Release|Any CPU
		{041FCA4C-5263-44D9-BC81-DCDA0A313812}.Release|x86.Build.0 = Release|Any CPU
	EndGlobalSection
	GlobalSection(SolutionProperties) = preSolution
		HideSolutionNode = FALSE
	EndGlobalSection
	GlobalSection(ExtensibilityGlobals) = postSolution
		SolutionGuid = {E501DCDF-4EB2-4884-8CE9-B059D8F25BDE}
	EndGlobalSection
EndGlobal
